
Microsoft Visual Studio Solution File, Format Version 12.00
# Visual Studio 2013
VisualStudioVersion = 12.0.21005.1
MinimumVisualStudioVersion = 10.0.40219.1
Project("{FAE04EC0-301F-11D3-BF4B-00C04F79EFBC}") = "WebApi", "WebApi\WebApi.csproj", "{41205289-F05F-478F-9398-DF578C6F8E4D}"
EndProject
Project("{FAE04EC0-301F-11D3-BF4B-00C04F79EFBC}") = "Models", "Models\Models.csproj", "{C421A3EF-F526-46EE-A308-58012B92912F}"
EndProject
Project("{FAE04EC0-301F-11D3-BF4B-00C04F79EFBC}") = "IService", "IService\IService.csproj", "{465E374B-B672-4E14-A4C5-090268326361}"
EndProject
Project("{FAE04EC0-301F-11D3-BF4B-00C04F79EFBC}") = "Service", "Service\Service.csproj", "{504059C9-B531-415B-B012-4A38EA9B91EE}"
EndProject
Project("{FAE04EC0-301F-11D3-BF4B-00C04F79EFBC}") = "Common", "Common\Common.csproj", "{243771C9-FDB1-4678-939E-F3DE97950A3D}"
EndProject
Global
	GlobalSection(SolutionConfigurationPlatforms) = preSolution
		Debug|Any CPU = Debug|Any CPU
		Release|Any CPU = Release|Any CPU
	EndGlobalSection
	GlobalSection(ProjectConfigurationPlatforms) = postSolution
		{41205289-F05F-478F-9398-DF578C6F8E4D}.Debug|Any CPU.ActiveCfg = Debug|Any CPU
		{41205289-F05F-478F-9398-DF578C6F8E4D}.Debug|Any CPU.Build.0 = Debug|Any CPU
		{41205289-F05F-478F-9398-DF578C6F8E4D}.Release|Any CPU.ActiveCfg = Release|Any CPU
		{41205289-F05F-478F-9398-DF578C6F8E4D}.Release|Any CPU.Build.0 = Release|Any CPU
		{C421A3EF-F526-46EE-A308-58012B92912F}.Debug|Any CPU.ActiveCfg = Debug|Any CPU
		{C421A3EF-F526-46EE-A308-58012B92912F}.Debug|Any CPU.Build.0 = Debug|Any CPU
		{C421A3EF-F526-46EE-A308-58012B92912F}.Release|Any CPU.ActiveCfg = Release|Any CPU
		{C421A3EF-F526-46EE-A308-58012B92912F}.Release|Any CPU.Build.0 = Release|Any CPU
		{465E374B-B672-4E14-A4C5-090268326361}.Debug|Any CPU.ActiveCfg = Debug|Any CPU
		{465E374B-B672-4E14-A4C5-090268326361}.Debug|Any CPU.Build.0 = Debug|Any CPU
		{465E374B-B672-4E14-A4C5-090268326361}.Release|Any CPU.ActiveCfg = Release|Any CPU
		{465E374B-B672-4E14-A4C5-090268326361}.Release|Any CPU.Build.0 = Release|Any CPU
		{504059C9-B531-415B-B012-4A38EA9B91EE}.Debug|Any CPU.ActiveCfg = Debug|Any CPU
		{504059C9-B531-415B-B012-4A38EA9B91EE}.Debug|Any CPU.Build.0 = Debug|Any CPU
		{504059C9-B531-415B-B012-4A38EA9B91EE}.Release|Any CPU.ActiveCfg = Release|Any CPU
		{504059C9-B531-415B-B012-4A38EA9B91EE}.Release|Any CPU.Build.0 = Release|Any CPU
		{243771C9-FDB1-4678-939E-F3DE97950A3D}.Debug|Any CPU.ActiveCfg = Debug|Any CPU
		{243771C9-FDB1-4678-939E-F3DE97950A3D}.Debug|Any CPU.Build.0 = Debug|Any CPU
		{243771C9-FDB1-4678-939E-F3DE97950A3D}.Release|Any CPU.ActiveCfg = Release|Any CPU
		{243771C9-FDB1-4678-939E-F3DE97950A3D}.Release|Any CPU.Build.0 = Release|Any CPU
	EndGlobalSection
	GlobalSection(SolutionProperties) = preSolution
		HideSolutionNode = FALSE
	EndGlobalSection
EndGlobal
